// !$*UTF8*$!
{
	archiveVersion = 1;
	classes = {
	};
	objectVersion = 50;
	objects = {

/* Begin PBXBuildFile section */
		D15B326E24BBE52D00C8E973 /* AppDelegate.swift in Sources */ = {isa = PBXBuildFile; fileRef = D15B326D24BBE52D00C8E973 /* AppDelegate.swift */; };
		D15B327024BBE52D00C8E973 /* ViewController.swift in Sources */ = {isa = PBXBuildFile; fileRef = D15B326F24BBE52D00C8E973 /* ViewController.swift */; };
		D15B327224BBE52F00C8E973 /* Assets.xcassets in Resources */ = {isa = PBXBuildFile; fileRef = D15B327124BBE52F00C8E973 /* Assets.xcassets */; };
		D15B327524BBE52F00C8E973 /* Main.storyboard in Resources */ = {isa = PBXBuildFile; fileRef = D15B327324BBE52F00C8E973 /* Main.storyboard */; };
		D15B328124BBE52F00C8E973 /* MyMacProjectTests.swift in Sources */ = {isa = PBXBuildFile; fileRef = D15B328024BBE52F00C8E973 /* MyMacProjectTests.swift */; };
/* End PBXBuildFile section */

/* Begin PBXContainerItemProxy section */
		D15B327D24BBE52F00C8E973 /* PBXContainerItemProxy */ = {
			isa = PBXContainerItemProxy;
			containerPortal = D15B326224BBE52D00C8E973 /* Project object */;
			proxyType = 1;
			remoteGlobalIDString = D15B326924BBE52D00C8E973;
			remoteInfo = MyMacProject;
		};
/* End PBXContainerItemProxy section */

/* Begin PBXFileReference section */
		D15B326A24BBE52D00C8E973 /* MyMacProject.app */ = {isa = PBXFileReference; explicitFileType = wrapper.application; includeInIndex = 0; path = MyMacProject.app; sourceTree = BUILT_PRODUCTS_DIR; };
		D15B326D24BBE52D00C8E973 /* AppDelegate.swift */ = {isa = PBXFileReference; lastKnownFileType = sourcecode.swift; path = AppDelegate.swift; sourceTree = "<group>"; };
		D15B326F24BBE52D00C8E973 /* ViewController.swift */ = {isa = PBXFileReference; lastKnownFileType = sourcecode.swift; path = ViewController.swift; sourceTree = "<group>"; };
		D15B327124BBE52F00C8E973 /* Assets.xcassets */ = {isa = PBXFileReference; lastKnownFileType = folder.assetcatalog; path = Assets.xcassets; sourceTree = "<group>"; };
		D15B327424BBE52F00C8E973 /* Base */ = {isa = PBXFileReference; lastKnownFileType = file.storyboard; name = Base; path = Base.lproj/Main.storyboard; sourceTree = "<group>"; };
		D15B327624BBE52F00C8E973 /* Info.plist */ = {isa = PBXFileReference; lastKnownFileType = text.plist.xml; path = Info.plist; sourceTree = "<group>"; };
		D15B327724BBE52F00C8E973 /* MyMacProject.entitlements */ = {isa = PBXFileReference; lastKnownFileType = text.plist.entitlements; path = MyMacProject.entitlements; sourceTree = "<group>"; };
		D15B327C24BBE52F00C8E973 /* MyMacProjectTests.xctest */ = {isa = PBXFileReference; explicitFileType = wrapper.cfbundle; includeInIndex = 0; path = MyMacProjectTests.xctest; sourceTree = BUILT_PRODUCTS_DIR; };
		D15B328024BBE52F00C8E973 /* MyMacProjectTests.swift */ = {isa = PBXFileReference; lastKnownFileType = sourcecode.swift; path = MyMacProjectTests.swift; sourceTree = "<group>"; };
		D15B328224BBE52F00C8E973 /* Info.plist */ = {isa = PBXFileReference; lastKnownFileType = text.plist.xml; path = Info.plist; sourceTree = "<group>"; };
/* End PBXFileReference section */

/* Begin PBXFrameworksBuildPhase section */
		D15B326724BBE52D00C8E973 /* Frameworks */ = {
			isa = PBXFrameworksBuildPhase;
			buildActionMask = 2147483647;
			files = (
			);
			runOnlyForDeploymentPostprocessing = 0;
		};
		D15B327924BBE52F00C8E973 /* Frameworks */ = {
			isa = PBXFrameworksBuildPhase;
			buildActionMask = 2147483647;
			files = (
			);
			runOnlyForDeploymentPostprocessing = 0;
		};
/* End PBXFrameworksBuildPhase section */

/* Begin PBXGroup section */
		D15B326124BBE52D00C8E973 = {
			isa = PBXGroup;
			children = (
				D15B326C24BBE52D00C8E973 /* MyMacProject */,
				D15B327F24BBE52F00C8E973 /* MyMacProjectTests */,
				D15B326B24BBE52D00C8E973 /* Products */,
			);
			sourceTree = "<group>";
		};
		D15B326B24BBE52D00C8E973 /* Products */ = {
			isa = PBXGroup;
			children = (
				D15B326A24BBE52D00C8E973 /* MyMacProject.app */,
				D15B327C24BBE52F00C8E973 /* MyMacProjectTests.xctest */,
			);
			name = Products;
			sourceTree = "<group>";
		};
		D15B326C24BBE52D00C8E973 /* MyMacProject */ = {
			isa = PBXGroup;
			children = (
				D15B326D24BBE52D00C8E973 /* AppDelegate.swift */,
				D15B326F24BBE52D00C8E973 /* ViewController.swift */,
				D15B327124BBE52F00C8E973 /* Assets.xcassets */,
				D15B327324BBE52F00C8E973 /* Main.storyboard */,
				D15B327624BBE52F00C8E973 /* Info.plist */,
				D15B327724BBE52F00C8E973 /* MyMacProject.entitlements */,
			);
			path = MyMacProject;
			sourceTree = "<group>";
		};
		D15B327F24BBE52F00C8E973 /* MyMacProjectTests */ = {
			isa = PBXGroup;
			children = (
				D15B328024BBE52F00C8E973 /* MyMacProjectTests.swift */,
				D15B328224BBE52F00C8E973 /* Info.plist */,
			);
			path = MyMacProjectTests;
			sourceTree = "<group>";
		};
/* End PBXGroup section */

/* Begin PBXNativeTarget section */
		D15B326924BBE52D00C8E973 /* MyMacProject */ = {
			isa = PBXNativeTarget;
			buildConfigurationList = D15B328524BBE52F00C8E973 /* Build configuration list for PBXNativeTarget "MyMacProject" */;
			buildPhases = (
				D15B326624BBE52D00C8E973 /* Sources */,
				D15B326724BBE52D00C8E973 /* Frameworks */,
				D15B326824BBE52D00C8E973 /* Resources */,
			);
			buildRules = (
			);
			dependencies = (
			);
			name = MyMacProject;
			productName = MyMacProject;
			productReference = D15B326A24BBE52D00C8E973 /* MyMacProject.app */;
			productType = "com.apple.product-type.application";
		};
		D15B327B24BBE52F00C8E973 /* MyMacProjectTests */ = {
			isa = PBXNativeTarget;
			buildConfigurationList = D15B328824BBE52F00C8E973 /* Build configuration list for PBXNativeTarget "MyMacProjectTests" */;
			buildPhases = (
				D15B327824BBE52F00C8E973 /* Sources */,
				D15B327924BBE52F00C8E973 /* Frameworks */,
				D15B327A24BBE52F00C8E973 /* Resources */,
			);
			buildRules = (
			);
			dependencies = (
				D15B327E24BBE52F00C8E973 /* PBXTargetDependency */,
			);
			name = MyMacProjectTests;
			productName = MyMacProjectTests;
			productReference = D15B327C24BBE52F00C8E973 /* MyMacProjectTests.xctest */;
			productType = "com.apple.product-type.bundle.unit-test";
		};
/* End PBXNativeTarget section */

/* Begin PBXProject section */
		D15B326224BBE52D00C8E973 /* Project object */ = {
			isa = PBXProject;
			attributes = {
				LastSwiftUpdateCheck = 1150;
				LastUpgradeCheck = 1150;
				ORGANIZATIONNAME = "MIDI Kinetics";
				TargetAttributes = {
					D15B326924BBE52D00C8E973 = {
						CreatedOnToolsVersion = 11.5;
					};
					D15B327B24BBE52F00C8E973 = {
						CreatedOnToolsVersion = 11.5;
						TestTargetID = D15B326924BBE52D00C8E973;
					};
				};
			};
			buildConfigurationList = D15B326524BBE52D00C8E973 /* Build configuration list for PBXProject "MyMacProject" */;
			compatibilityVersion = "Xcode 9.3";
			developmentRegion = en;
			hasScannedForEncodings = 0;
			knownRegions = (
				en,
				Base,
			);
			mainGroup = D15B326124BBE52D00C8E973;
			productRefGroup = D15B326B24BBE52D00C8E973 /* Products */;
			projectDirPath = "";
			projectRoot = "";
			targets = (
				D15B326924BBE52D00C8E973 /* MyMacProject */,
				D15B327B24BBE52F00C8E973 /* MyMacProjectTests */,
			);
		};
/* End PBXProject section */

/* Begin PBXResourcesBuildPhase section */
		D15B326824BBE52D00C8E973 /* Resources */ = {
			isa = PBXResourcesBuildPhase;
			buildActionMask = 2147483647;
			files = (
				D15B327224BBE52F00C8E973 /* Assets.xcassets in Resources */,
				D15B327524BBE52F00C8E973 /* Main.storyboard in Resources */,
			);
			runOnlyForDeploymentPostprocessing = 0;
		};
		D15B327A24BBE52F00C8E973 /* Resources */ = {
			isa = PBXResourcesBuildPhase;
			buildActionMask = 2147483647;
			files = (
			);
			runOnlyForDeploymentPostprocessing = 0;
		};
/* End PBXResourcesBuildPhase section */

/* Begin PBXSourcesBuildPhase section */
		D15B326624BBE52D00C8E973 /* Sources */ = {
			isa = PBXSourcesBuildPhase;
			buildActionMask = 2147483647;
			files = (
				D15B327024BBE52D00C8E973 /* ViewController.swift in Sources */,
				D15B326E24BBE52D00C8E973 /* AppDelegate.swift in Sources */,
			);
			runOnlyForDeploymentPostprocessing = 0;
		};
		D15B327824BBE52F00C8E973 /* Sources */ = {
			isa = PBXSourcesBuildPhase;
			buildActionMask = 2147483647;
			files = (
				D15B328124BBE52F00C8E973 /* MyMacProjectTests.swift in Sources */,
			);
			runOnlyForDeploymentPostprocessing = 0;
		};
/* End PBXSourcesBuildPhase section */

/* Begin PBXTargetDependency section */
		D15B327E24BBE52F00C8E973 /* PBXTargetDependency */ = {
			isa = PBXTargetDependency;
			target = D15B326924BBE52D00C8E973 /* MyMacProject */;
			targetProxy = D15B327D24BBE52F00C8E973 /* PBXContainerItemProxy */;
		};
/* End PBXTargetDependency section */

/* Begin PBXVariantGroup section */
		D15B327324BBE52F00C8E973 /* Main.storyboard */ = {
			isa = PBXVariantGroup;
			children = (
				D15B327424BBE52F00C8E973 /* Base */,
			);
			name = Main.storyboard;
			sourceTree = "<group>";
		};
/* End PBXVariantGroup section */

/* Begin XCBuildConfiguration section */
		D15B328324BBE52F00C8E973 /* Debug */ = {
			isa = XCBuildConfiguration;
			buildSettings = {
				ALWAYS_SEARCH_USER_PATHS = NO;
				CLANG_ANALYZER_NONNULL = YES;
				CLANG_ANALYZER_NUMBER_OBJECT_CONVERSION = YES_AGGRESSIVE;
				CLANG_CXX_LANGUAGE_STANDARD = "gnu++14";
				CLANG_CXX_LIBRARY = "libc++";
				CLANG_ENABLE_MODULES = YES;
				CLANG_ENABLE_OBJC_ARC = YES;
				CLANG_ENABLE_OBJC_WEAK = YES;
				CLANG_WARN_BLOCK_CAPTURE_AUTORELEASING = YES;
				CLANG_WARN_BOOL_CONVERSION = YES;
				CLANG_WARN_COMMA = YES;
				CLANG_WARN_CONSTANT_CONVERSION = YES;
				CLANG_WARN_DEPRECATED_OBJC_IMPLEMENTATIONS = YES;
				CLANG_WARN_DIRECT_OBJC_ISA_USAGE = YES_ERROR;
				CLANG_WARN_DOCUMENTATION_COMMENTS = YES;
				CLANG_WARN_EMPTY_BODY = YES;
				CLANG_WARN_ENUM_CONVERSION = YES;
				CLANG_WARN_INFINITE_RECURSION = YES;
				CLANG_WARN_INT_CONVERSION = YES;
				CLANG_WARN_NON_LITERAL_NULL_CONVERSION = YES;
				CLANG_WARN_OBJC_IMPLICIT_RETAIN_SELF = YES;
				CLANG_WARN_OBJC_LITERAL_CONVERSION = YES;
				CLANG_WARN_OBJC_ROOT_CLASS = YES_ERROR;
				CLANG_WARN_RANGE_LOOP_ANALYSIS = YES;
				CLANG_WARN_STRICT_PROTOTYPES = YES;
				CLANG_WARN_SUSPICIOUS_MOVE = YES;
				CLANG_WARN_UNGUARDED_AVAILABILITY = YES_AGGRESSIVE;
				CLANG_WARN_UNREACHABLE_CODE = YES;
				CLANG_WARN__DUPLICATE_METHOD_MATCH = YES;
				COPY_PHASE_STRIP = NO;
				DEBUG_INFORMATION_FORMAT = dwarf;
				ENABLE_STRICT_OBJC_MSGSEND = YES;
				ENABLE_TESTABILITY = YES;
				GCC_C_LANGUAGE_STANDARD = gnu11;
				GCC_DYNAMIC_NO_PIC = NO;
				GCC_NO_COMMON_BLOCKS = YES;
				GCC_OPTIMIZATION_LEVEL = 0;
				GCC_PREPROCESSOR_DEFINITIONS = (
					"DEBUG=1",
					"$(inherited)",
				);
				GCC_WARN_64_TO_32_BIT_CONVERSION = YES;
				GCC_WARN_ABOUT_RETURN_TYPE = YES_ERROR;
				GCC_WARN_UNDECLARED_SELECTOR = YES;
				GCC_WARN_UNINITIALIZED_AUTOS = YES_AGGRESSIVE;
				GCC_WARN_UNUSED_FUNCTION = YES;
				GCC_WARN_UNUSED_VARIABLE = YES;
				MACOSX_DEPLOYMENT_TARGET = 10.15;
				MTL_ENABLE_DEBUG_INFO = INCLUDE_SOURCE;
				MTL_FAST_MATH = YES;
				ONLY_ACTIVE_ARCH = YES;
				SDKROOT = macosx;
				SWIFT_ACTIVE_COMPILATION_CONDITIONS = DEBUG;
				SWIFT_OPTIMIZATION_LEVEL = "-Onone";
			};
			name = Debug;
		};
		D15B328424BBE52F00C8E973 /* Release */ = {
			isa = XCBuildConfiguration;
			buildSettings = {
				ALWAYS_SEARCH_USER_PATHS = NO;
				CLANG_ANALYZER_NONNULL = YES;
				CLANG_ANALYZER_NUMBER_OBJECT_CONVERSION = YES_AGGRESSIVE;
				CLANG_CXX_LANGUAGE_STANDARD = "gnu++14";
				CLANG_CXX_LIBRARY = "libc++";
				CLANG_ENABLE_MODULES = YES;
				CLANG_ENABLE_OBJC_ARC = YES;
				CLANG_ENABLE_OBJC_WEAK = YES;
				CLANG_WARN_BLOCK_CAPTURE_AUTORELEASING = YES;
				CLANG_WARN_BOOL_CONVERSION = YES;
				CLANG_WARN_COMMA = YES;
				CLANG_WARN_CONSTANT_CONVERSION = YES;
				CLANG_WARN_DEPRECATED_OBJC_IMPLEMENTATIONS = YES;
				CLANG_WARN_DIRECT_OBJC_ISA_USAGE = YES_ERROR;
				CLANG_WARN_DOCUMENTATION_COMMENTS = YES;
				CLANG_WARN_EMPTY_BODY = YES;
				CLANG_WARN_ENUM_CONVERSION = YES;
				CLANG_WARN_INFINITE_RECURSION = YES;
				CLANG_WARN_INT_CONVERSION = YES;
				CLANG_WARN_NON_LITERAL_NULL_CONVERSION = YES;
				CLANG_WARN_OBJC_IMPLICIT_RETAIN_SELF = YES;
				CLANG_WARN_OBJC_LITERAL_CONVERSION = YES;
				CLANG_WARN_OBJC_ROOT_CLASS = YES_ERROR;
				CLANG_WARN_RANGE_LOOP_ANALYSIS = YES;
				CLANG_WARN_STRICT_PROTOTYPES = YES;
				CLANG_WARN_SUSPICIOUS_MOVE = YES;
				CLANG_WARN_UNGUARDED_AVAILABILITY = YES_AGGRESSIVE;
				CLANG_WARN_UNREACHABLE_CODE = YES;
				CLANG_WARN__DUPLICATE_METHOD_MATCH = YES;
				COPY_PHASE_STRIP = NO;
				DEBUG_INFORMATION_FORMAT = "dwarf-with-dsym";
				ENABLE_NS_ASSERTIONS = NO;
				ENABLE_STRICT_OBJC_MSGSEND = YES;
				GCC_C_LANGUAGE_STANDARD = gnu11;
				GCC_NO_COMMON_BLOCKS = YES;
				GCC_WARN_64_TO_32_BIT_CONVERSION = YES;
				GCC_WARN_ABOUT_RETURN_TYPE = YES_ERROR;
				GCC_WARN_UNDECLARED_SELECTOR = YES;
				GCC_WARN_UNINITIALIZED_AUTOS = YES_AGGRESSIVE;
				GCC_WARN_UNUSED_FUNCTION = YES;
				GCC_WARN_UNUSED_VARIABLE = YES;
				MACOSX_DEPLOYMENT_TARGET = 10.15;
				MTL_ENABLE_DEBUG_INFO = NO;
				MTL_FAST_MATH = YES;
				SDKROOT = macosx;
				SWIFT_COMPILATION_MODE = wholemodule;
				SWIFT_OPTIMIZATION_LEVEL = "-O";
			};
			name = Release;
		};
		D15B328624BBE52F00C8E973 /* Debug */ = {
			isa = XCBuildConfiguration;
			buildSettings = {
				ASSETCATALOG_COMPILER_APPICON_NAME = AppIcon;
				CODE_SIGN_ENTITLEMENTS = MyMacProject/MyMacProject.entitlements;
				CODE_SIGN_STYLE = Automatic;
				COMBINE_HIDPI_IMAGES = YES;
				DEVELOPMENT_TEAM = 67U25886CA;
				ENABLE_HARDENED_RUNTIME = YES;
				INFOPLIST_FILE = MyMacProject/Info.plist;
				LD_RUNPATH_SEARCH_PATHS = (
					"$(inherited)",
					"@executable_path/../Frameworks",
				);
				PRODUCT_BUNDLE_IDENTIFIER = com.midikinetics.MyMacProject;
				PRODUCT_NAME = "$(TARGET_NAME)";
				SWIFT_VERSION = 5.0;
			};
			name = Debug;
		};
		D15B328724BBE52F00C8E973 /* Release */ = {
			isa = XCBuildConfiguration;
			buildSettings = {
				ASSETCATALOG_COMPILER_APPICON_NAME = AppIcon;
				CODE_SIGN_ENTITLEMENTS = MyMacProject/MyMacProject.entitlements;
				CODE_SIGN_STYLE = Automatic;
				COMBINE_HIDPI_IMAGES = YES;
				DEVELOPMENT_TEAM = 67U25886CA;
				ENABLE_HARDENED_RUNTIME = YES;
				INFOPLIST_FILE = MyMacProject/Info.plist;
				LD_RUNPATH_SEARCH_PATHS = (
					"$(inherited)",
					"@executable_path/../Frameworks",
				);
				PRODUCT_BUNDLE_IDENTIFIER = com.midikinetics.MyMacProject;
				PRODUCT_NAME = "$(TARGET_NAME)";
				SWIFT_VERSION = 5.0;
			};
			name = Release;
		};
		D15B328924BBE52F00C8E973 /* Debug */ = {
			isa = XCBuildConfiguration;
			buildSettings = {
				ALWAYS_EMBED_SWIFT_STANDARD_LIBRARIES = YES;
				BUNDLE_LOADER = "$(TEST_HOST)";
				CODE_SIGN_STYLE = Automatic;
				COMBINE_HIDPI_IMAGES = YES;
				DEVELOPMENT_TEAM = 67U25886CA;
				INFOPLIST_FILE = MyMacProjectTests/Info.plist;
				LD_RUNPATH_SEARCH_PATHS = (
					"$(inherited)",
					"@executable_path/../Frameworks",
					"@loader_path/../Frameworks",
				);
				MACOSX_DEPLOYMENT_TARGET = 10.15;
				PRODUCT_BUNDLE_IDENTIFIER = com.midikinetics.MyMacProjectTests;
				PRODUCT_NAME = "$(TARGET_NAME)";
				SWIFT_VERSION = 5.0;
				TEST_HOST = "$(BUILT_PRODUCTS_DIR)/MyMacProject.app/Contents/MacOS/MyMacProject";
			};
			name = Debug;
		};
		D15B328A24BBE52F00C8E973 /* Release */ = {
			isa = XCBuildConfiguration;
			buildSettings = {
				ALWAYS_EMBED_SWIFT_STANDARD_LIBRARIES = YES;
				BUNDLE_LOADER = "$(TEST_HOST)";
				CODE_SIGN_STYLE = Automatic;
				COMBINE_HIDPI_IMAGES = YES;
				DEVELOPMENT_TEAM = 67U25886CA;
				INFOPLIST_FILE = MyMacProjectTests/Info.plist;
				LD_RUNPATH_SEARCH_PATHS = (
					"$(inherited)",
					"@executable_path/../Frameworks",
					"@loader_path/../Frameworks",
				);
				MACOSX_DEPLOYMENT_TARGET = 10.15;
				PRODUCT_BUNDLE_IDENTIFIER = com.midikinetics.MyMacProjectTests;
				PRODUCT_NAME = "$(TARGET_NAME)";
				SWIFT_VERSION = 5.0;
				TEST_HOST = "$(BUILT_PRODUCTS_DIR)/MyMacProject.app/Contents/MacOS/MyMacProject";
			};
			name = Release;
		};
/* End XCBuildConfiguration section */

/* Begin XCConfigurationList section */
		D15B326524BBE52D00C8E973 /* Build configuration list for PBXProject "MyMacProject" */ = {
			isa = XCConfigurationList;
			buildConfigurations = (
				D15B328324BBE52F00C8E973 /* Debug */,
				D15B328424BBE52F00C8E973 /* Release */,
			);
			defaultConfigurationIsVisible = 0;
			defaultConfigurationName = Release;
		};
		D15B328524BBE52F00C8E973 /* Build configuration list for PBXNativeTarget "MyMacProject" */ = {
			isa = XCConfigurationList;
			buildConfigurations = (
				D15B328624BBE52F00C8E973 /* Debug */,
				D15B328724BBE52F00C8E973 /* Release */,
			);
			defaultConfigurationIsVisible = 0;
			defaultConfigurationName = Release;
		};
		D15B328824BBE52F00C8E973 /* Build configuration list for PBXNativeTarget "MyMacProjectTests" */ = {
			isa = XCConfigurationList;
			buildConfigurations = (
				D15B328924BBE52F00C8E973 /* Debug */,
				D15B328A24BBE52F00C8E973 /* Release */,
			);
			defaultConfigurationIsVisible = 0;
			defaultConfigurationName = Release;
		};
/* End XCConfigurationList section */
	};
	rootObject = D15B326224BBE52D00C8E973 /* Project object */;
}
